
Microsoft Visual Studio Solution File, Format Version 12.00
# Visual Studio Version 17
VisualStudioVersion = 17.14.36603.0
MinimumVisualStudioVersion = 10.0.40219.1
Project("{FAE04EC0-301F-11D3-BF4B-00C04F79EFBC}") = "OpenCV", "OpenCV\OpenCV.csproj", "{42982574-28F8-42BC-BCBD-FE06812E9D25}"
EndProject
Project("{2150E333-8FDC-42A3-9474-1A3956D46DE8}") = "Çözüm Öğeleri", "Çözüm Öğeleri", "{AC80F682-3D55-C8F8-4895-A4A9EDD49434}"
	ProjectSection(SolutionItems) = preProject
		..\..\..\OneDrive\Masaüstü\haarcascade_frontalface_default.xml = ..\..\..\OneDrive\Masaüstü\haarcascade_frontalface_default.xml
	EndProjectSection
EndProject
Global
	GlobalSection(SolutionConfigurationPlatforms) = preSolution
		Debug|Any CPU = Debug|Any CPU
		Debug|x64 = Debug|x64
		Release|Any CPU = Release|Any CPU
		Release|x64 = Release|x64
	EndGlobalSection
	GlobalSection(ProjectConfigurationPlatforms) = postSolution
		{42982574-28F8-42BC-BCBD-FE06812E9D25}.Debug|Any CPU.ActiveCfg = Debug|Any CPU
		{42982574-28F8-42BC-BCBD-FE06812E9D25}.Debug|Any CPU.Build.0 = Debug|Any CPU
		{42982574-28F8-42BC-BCBD-FE06812E9D25}.Debug|x64.ActiveCfg = Debug|x64
		{42982574-28F8-42BC-BCBD-FE06812E9D25}.Debug|x64.Build.0 = Debug|x64
		{42982574-28F8-42BC-BCBD-FE06812E9D25}.Release|Any CPU.ActiveCfg = Release|Any CPU
		{42982574-28F8-42BC-BCBD-FE06812E9D25}.Release|Any CPU.Build.0 = Release|Any CPU
		{42982574-28F8-42BC-BCBD-FE06812E9D25}.Release|x64.ActiveCfg = Release|x64
		{42982574-28F8-42BC-BCBD-FE06812E9D25}.Release|x64.Build.0 = Release|x64
	EndGlobalSection
	GlobalSection(SolutionProperties) = preSolution
		HideSolutionNode = FALSE
	EndGlobalSection
	GlobalSection(ExtensibilityGlobals) = postSolution
		SolutionGuid = {7D1C2DC6-4B8C-4AC7-8DC0-B12F615046E4}
	EndGlobalSection
EndGlobal
